<?xml version="1.0" encoding="utf-8"?>
<Project ToolsVersion="4.0" xmlns="http://schemas.microsoft.com/developer/msbuild/2003">
  <ItemGroup>
    <Filter Include="源文件">
      <UniqueIdentifier>{4FC737F1-C7A5-4376-A066-2A32D752A2FF}</UniqueIdentifier>
      <Extensions>cpp;c;cc;cxx;def;odl;idl;hpj;bat;asm;asmx</Extensions>
    </Filter>
    <Filter Include="头文件">
      <UniqueIdentifier>{93995380-89BD-4b04-88EB-625FBE52EBFB}</UniqueIdentifier>
      <Extensions>h;hpp;hxx;hm;inl;inc;xsd</Extensions>
    </Filter>
    <Filter Include="资源文件">
      <UniqueIdentifier>{67DA6AB6-F800-4c08-8B7A-83BB121AAD01}</UniqueIdentifier>
      <Extensions>rc;ico;cur;bmp;dlg;rc2;rct;bin;rgs;gif;jpg;jpeg;jpe;resx;tiff;tif;png;wav;mfcribbon-ms</Extensions>
    </Filter>
  </ItemGroup>
  <ItemGroup>
    <ClCompile Include="Apdu.cpp">
      <Filter>源文件</Filter>
    </ClCompile>
    <ClCompile Include="BotMgr.cpp">
      <Filter>源文件</Filter>
    </ClCompile>
    <ClCompile Include="ccb_cameradev_cashway.cpp">
      <Filter>源文件</Filter>
    </ClCompile>
    <ClCompile Include="Ccid.cpp">
      <Filter>源文件</Filter>
    </ClCompile>
    <ClCompile Include="DSPProvider.cpp">
      <Filter>源文件</Filter>
    </ClCompile>
    <ClCompile Include="EloamCamera.cpp">
      <Filter>源文件</Filter>
    </ClCompile>
    <ClCompile Include="ETString.cpp">
      <Filter>源文件</Filter>
    </ClCompile>
    <ClCompile Include="ETUtil.cpp">
      <Filter>源文件</Filter>
    </ClCompile>
    <ClCompile Include="H_Des.cpp">
      <Filter>源文件</Filter>
    </ClCompile>
    <ClCompile Include="PublicFunc.cpp">
      <Filter>源文件</Filter>
    </ClCompile>
    <ClCompile Include="Rc4.cpp">
      <Filter>源文件</Filter>
    </ClCompile>
    <ClCompile Include="Rc4core.cpp">
      <Filter>源文件</Filter>
    </ClCompile>
    <ClCompile Include="SAStatusLog.cpp">
      <Filter>源文件</Filter>
    </ClCompile>
    <ClCompile Include="ServiceVist.cpp">
      <Filter>源文件</Filter>
    </ClCompile>
    <ClCompile Include="Sm4.c">
      <Filter>源文件</Filter>
    </ClCompile>
    <ClCompile Include="StlEx.cpp">
      <Filter>源文件</Filter>
    </ClCompile>
  </ItemGroup>
  <ItemGroup>
    <ClInclude Include="Apdu.h">
      <Filter>头文件</Filter>
    </ClInclude>
    <ClInclude Include="BotMgr.h">
      <Filter>头文件</Filter>
    </ClInclude>
    <ClInclude Include="ccb_cameradev_cashway.h">
      <Filter>头文件</Filter>
    </ClInclude>
    <ClInclude Include="Ccid.h">
      <Filter>头文件</Filter>
    </ClInclude>
    <ClInclude Include="devioctl.h">
      <Filter>头文件</Filter>
    </ClInclude>
    <ClInclude Include="DSPProvider.h">
      <Filter>头文件</Filter>
    </ClInclude>
    <ClInclude Include="EloamCamera.h">
      <Filter>头文件</Filter>
    </ClInclude>
    <ClInclude Include="ETString.h">
      <Filter>头文件</Filter>
    </ClInclude>
    <ClInclude Include="ETUtil.h">
      <Filter>头文件</Filter>
    </ClInclude>
    <ClInclude Include="H_Des.h">
      <Filter>头文件</Filter>
    </ClInclude>
    <ClInclude Include="KenvinCrite.h">
      <Filter>头文件</Filter>
    </ClInclude>
    <ClInclude Include="MiddleWareDataStruct.h">
      <Filter>头文件</Filter>
    </ClInclude>
    <ClInclude Include="mytype.h">
      <Filter>头文件</Filter>
    </ClInclude>
    <ClInclude Include="PublicFunc.h">
      <Filter>头文件</Filter>
    </ClInclude>
    <ClInclude Include="rc4.h">
      <Filter>头文件</Filter>
    </ClInclude>
    <ClInclude Include="SAStatusLog.h">
      <Filter>头文件</Filter>
    </ClInclude>
    <ClInclude Include="ServiceVist.h">
      <Filter>头文件</Filter>
    </ClInclude>
    <ClInclude Include="Sm4.h">
      <Filter>头文件</Filter>
    </ClInclude>
    <ClInclude Include="StlEx.h">
      <Filter>头文件</Filter>
    </ClInclude>
  </ItemGroup>
  <ItemGroup>
    <None Include="module.def">
      <Filter>源文件</Filter>
    </None>
  </ItemGroup>
</Project>